
Microsoft Visual Studio Solution File, Format Version 12.00
# Visual Studio Version 17
VisualStudioVersion = 17.1.32319.34
MinimumVisualStudioVersion = 10.0.40219.1
Project("{FAE04EC0-301F-11D3-BF4B-00C04F79EFBC}") = "FinancialTamkeenApi", "FinancialTamkeenApi\FinancialTamkeenApi.csproj", "{423B81C0-5A62-48A6-94D1-39325E9DC481}"
EndProject
Global
	GlobalSection(SolutionConfigurationPlatforms) = preSolution
		Debug|Any CPU = Debug|Any CPU
		Release|Any CPU = Release|Any CPU
	EndGlobalSection
	GlobalSection(ProjectConfigurationPlatforms) = postSolution
		{423B81C0-5A62-48A6-94D1-39325E9DC481}.Debug|Any CPU.ActiveCfg = Debug|Any CPU
		{423B81C0-5A62-48A6-94D1-39325E9DC481}.Debug|Any CPU.Build.0 = Debug|Any CPU
		{423B81C0-5A62-48A6-94D1-39325E9DC481}.Release|Any CPU.ActiveCfg = Release|Any CPU
		{423B81C0-5A62-48A6-94D1-39325E9DC481}.Release|Any CPU.Build.0 = Release|Any CPU
	EndGlobalSection
	GlobalSection(SolutionProperties) = preSolution
		HideSolutionNode = FALSE
	EndGlobalSection
	GlobalSection(ExtensibilityGlobals) = postSolution
		SolutionGuid = {A7A9827A-6967-4523-B7BD-63A1C53EB3AF}
	EndGlobalSection
EndGlobal
